// !$*UTF8*$!
{
	archiveVersion = 1;
	classes = {
	};
	objectVersion = 46;
	objects = {

/* Begin PBXBuildFile section */
		881D210B1F0B32CF00C057D2 /* TwoViewController.swift in Sources */ = {isa = PBXBuildFile; fileRef = 881D210A1F0B32CF00C057D2 /* TwoViewController.swift */; };
		881D210D1F0B399C00C057D2 /* ThreeViewController.swift in Sources */ = {isa = PBXBuildFile; fileRef = 881D210C1F0B399C00C057D2 /* ThreeViewController.swift */; };
		887054971F0A78DC0028EE76 /* AppDelegate.swift in Sources */ = {isa = PBXBuildFile; fileRef = 887054961F0A78DC0028EE76 /* AppDelegate.swift */; };
		887054991F0A78DC0028EE76 /* ViewController.swift in Sources */ = {isa = PBXBuildFile; fileRef = 887054981F0A78DC0028EE76 /* ViewController.swift */; };
		8870549C1F0A78DC0028EE76 /* Main.storyboard in Resources */ = {isa = PBXBuildFile; fileRef = 8870549A1F0A78DC0028EE76 /* Main.storyboard */; };
		8870549E1F0A78DC0028EE76 /* Assets.xcassets in Resources */ = {isa = PBXBuildFile; fileRef = 8870549D1F0A78DC0028EE76 /* Assets.xcassets */; };
		887054A11F0A78DC0028EE76 /* LaunchScreen.storyboard in Resources */ = {isa = PBXBuildFile; fileRef = 8870549F1F0A78DC0028EE76 /* LaunchScreen.storyboard */; };
/* End PBXBuildFile section */

/* Begin PBXFileReference section */
		881D210A1F0B32CF00C057D2 /* TwoViewController.swift */ = {isa = PBXFileReference; fileEncoding = 4; lastKnownFileType = sourcecode.swift; path = TwoViewController.swift; sourceTree = "<group>"; };
		881D210C1F0B399C00C057D2 /* ThreeViewController.swift */ = {isa = PBXFileReference; fileEncoding = 4; lastKnownFileType = sourcecode.swift; path = ThreeViewController.swift; sourceTree = "<group>"; };
		887054931F0A78DC0028EE76 /* test.app */ = {isa = PBXFileReference; explicitFileType = wrapper.application; includeInIndex = 0; path = test.app; sourceTree = BUILT_PRODUCTS_DIR; };
		887054961F0A78DC0028EE76 /* AppDelegate.swift */ = {isa = PBXFileReference; lastKnownFileType = sourcecode.swift; path = AppDelegate.swift; sourceTree = "<group>"; };
		887054981F0A78DC0028EE76 /* ViewController.swift */ = {isa = PBXFileReference; lastKnownFileType = sourcecode.swift; path = ViewController.swift; sourceTree = "<group>"; };
		8870549B1F0A78DC0028EE76 /* Base */ = {isa = PBXFileReference; lastKnownFileType = file.storyboard; name = Base; path = Base.lproj/Main.storyboard; sourceTree = "<group>"; };
		8870549D1F0A78DC0028EE76 /* Assets.xcassets */ = {isa = PBXFileReference; lastKnownFileType = folder.assetcatalog; path = Assets.xcassets; sourceTree = "<group>"; };
		887054A01F0A78DC0028EE76 /* Base */ = {isa = PBXFileReference; lastKnownFileType = file.storyboard; name = Base; path = Base.lproj/LaunchScreen.storyboard; sourceTree = "<group>"; };
		887054A21F0A78DC0028EE76 /* Info.plist */ = {isa = PBXFileReference; lastKnownFileType = text.plist.xml; path = Info.plist; sourceTree = "<group>"; };
/* End PBXFileReference section */

/* Begin PBXFrameworksBuildPhase section */
		887054901F0A78DC0028EE76 /* Frameworks */ = {
			isa = PBXFrameworksBuildPhase;
			buildActionMask = 2147483647;
			files = (
			);
			runOnlyForDeploymentPostprocessing = 0;
		};
/* End PBXFrameworksBuildPhase section */

/* Begin PBXGroup section */
		8870548A1F0A78DC0028EE76 = {
			isa = PBXGroup;
			children = (
				887054951F0A78DC0028EE76 /* test */,
				887054941F0A78DC0028EE76 /* Products */,
			);
			sourceTree = "<group>";
		};
		887054941F0A78DC0028EE76 /* Products */ = {
			isa = PBXGroup;
			children = (
				887054931F0A78DC0028EE76 /* test.app */,
			);
			name = Products;
			sourceTree = "<group>";
		};
		887054951F0A78DC0028EE76 /* test */ = {
			isa = PBXGroup;
			children = (
				887054961F0A78DC0028EE76 /* AppDelegate.swift */,
				887054981F0A78DC0028EE76 /* ViewController.swift */,
				8870549A1F0A78DC0028EE76 /* Main.storyboard */,
				8870549D1F0A78DC0028EE76 /* Assets.xcassets */,
				8870549F1F0A78DC0028EE76 /* LaunchScreen.storyboard */,
				887054A21F0A78DC0028EE76 /* Info.plist */,
				881D210A1F0B32CF00C057D2 /* TwoViewController.swift */,
				881D210C1F0B399C00C057D2 /* ThreeViewController.swift */,
			);
			path = test;
			sourceTree = "<group>";
		};
/* End PBXGroup section */

/* Begin PBXNativeTarget section */
		887054921F0A78DC0028EE76 /* test */ = {
			isa = PBXNativeTarget;
			buildConfigurationList = 887054A51F0A78DC0028EE76 /* Build configuration list for PBXNativeTarget "test" */;
			buildPhases = (
				8870548F1F0A78DC0028EE76 /* Sources */,
				887054901F0A78DC0028EE76 /* Frameworks */,
				887054911F0A78DC0028EE76 /* Resources */,
			);
			buildRules = (
			);
			dependencies = (
			);
			name = test;
			productName = test;
			productReference = 887054931F0A78DC0028EE76 /* test.app */;
			productType = "com.apple.product-type.application";
		};
/* End PBXNativeTarget section */

/* Begin PBXProject section */
		8870548B1F0A78DC0028EE76 /* Project object */ = {
			isa = PBXProject;
			attributes = {
				LastSwiftUpdateCheck = 0830;
				LastUpgradeCheck = 0830;
				ORGANIZATIONNAME = "敬庭超";
				TargetAttributes = {
					887054921F0A78DC0028EE76 = {
						CreatedOnToolsVersion = 8.3.1;
						DevelopmentTeam = 2L5K57EDPC;
						ProvisioningStyle = Automatic;
					};
				};
			};
			buildConfigurationList = 8870548E1F0A78DC0028EE76 /* Build configuration list for PBXProject "test" */;
			compatibilityVersion = "Xcode 3.2";
			developmentRegion = English;
			hasScannedForEncodings = 0;
			knownRegions = (
				en,
				Base,
			);
			mainGroup = 8870548A1F0A78DC0028EE76;
			productRefGroup = 887054941F0A78DC0028EE76 /* Products */;
			projectDirPath = "";
			projectRoot = "";
			targets = (
				887054921F0A78DC0028EE76 /* test */,
			);
		};
/* End PBXProject section */

/* Begin PBXResourcesBuildPhase section */
		887054911F0A78DC0028EE76 /* Resources */ = {
			isa = PBXResourcesBuildPhase;
			buildActionMask = 2147483647;
			files = (
				887054A11F0A78DC0028EE76 /* LaunchScreen.storyboard in Resources */,
				8870549E1F0A78DC0028EE76 /* Assets.xcassets in Resources */,
				8870549C1F0A78DC0028EE76 /* Main.storyboard in Resources */,
			);
			runOnlyForDeploymentPostprocessing = 0;
		};
/* End PBXResourcesBuildPhase section */

/* Begin PBXSourcesBuildPhase section */
		8870548F1F0A78DC0028EE76 /* Sources */ = {
			isa = PBXSourcesBuildPhase;
			buildActionMask = 2147483647;
			files = (
				887054991F0A78DC0028EE76 /* ViewController.swift in Sources */,
				887054971F0A78DC0028EE76 /* AppDelegate.swift in Sources */,
				881D210B1F0B32CF00C057D2 /* TwoViewController.swift in Sources */,
				881D210D1F0B399C00C057D2 /* ThreeViewController.swift in Sources */,
			);
			runOnlyForDeploymentPostprocessing = 0;
		};
/* End PBXSourcesBuildPhase section */

/* Begin PBXVariantGroup section */
		8870549A1F0A78DC0028EE76 /* Main.storyboard */ = {
			isa = PBXVariantGroup;
			children = (
				8870549B1F0A78DC0028EE76 /* Base */,
			);
			name = Main.storyboard;
			sourceTree = "<group>";
		};
		8870549F1F0A78DC0028EE76 /* LaunchScreen.storyboard */ = {
			isa = PBXVariantGroup;
			children = (
				887054A01F0A78DC0028EE76 /* Base */,
			);
			name = LaunchScreen.storyboard;
			sourceTree = "<group>";
		};
/* End PBXVariantGroup section */

/* Begin XCBuildConfiguration section */
		887054A31F0A78DC0028EE76 /* Debug */ = {
			isa = XCBuildConfiguration;
			buildSettings = {
				ALWAYS_SEARCH_USER_PATHS = NO;
				CLANG_ANALYZER_NONNULL = YES;
				CLANG_ANALYZER_NUMBER_OBJECT_CONVERSION = YES_AGGRESSIVE;
				CLANG_CXX_LANGUAGE_STANDARD = "gnu++0x";
				CLANG_CXX_LIBRARY = "libc++";
				CLANG_ENABLE_MODULES = YES;
				CLANG_ENABLE_OBJC_ARC = YES;
				CLANG_WARN_BOOL_CONVERSION = YES;
				CLANG_WARN_CONSTANT_CONVERSION = YES;
				CLANG_WARN_DIRECT_OBJC_ISA_USAGE = YES_ERROR;
				CLANG_WARN_DOCUMENTATION_COMMENTS = YES;
				CLANG_WARN_EMPTY_BODY = YES;
				CLANG_WARN_ENUM_CONVERSION = YES;
				CLANG_WARN_INFINITE_RECURSION = YES;
				CLANG_WARN_INT_CONVERSION = YES;
				CLANG_WARN_OBJC_ROOT_CLASS = YES_ERROR;
				CLANG_WARN_SUSPICIOUS_MOVE = YES;
				CLANG_WARN_UNREACHABLE_CODE = YES;
				CLANG_WARN__DUPLICATE_METHOD_MATCH = YES;
				"CODE_SIGN_IDENTITY[sdk=iphoneos*]" = "iPhone Developer";
				COPY_PHASE_STRIP = NO;
				DEBUG_INFORMATION_FORMAT = dwarf;
				ENABLE_STRICT_OBJC_MSGSEND = YES;
				ENABLE_TESTABILITY = YES;
				GCC_C_LANGUAGE_STANDARD = gnu99;
				GCC_DYNAMIC_NO_PIC = NO;
				GCC_NO_COMMON_BLOCKS = YES;
				GCC_OPTIMIZATION_LEVEL = 0;
				GCC_PREPROCESSOR_DEFINITIONS = (
					"DEBUG=1",
					"$(inherited)",
				);
				GCC_WARN_64_TO_32_BIT_CONVERSION = YES;
				GCC_WARN_ABOUT_RETURN_TYPE = YES_ERROR;
				GCC_WARN_UNDECLARED_SELECTOR = YES;
				GCC_WARN_UNINITIALIZED_AUTOS = YES_AGGRESSIVE;
				GCC_WARN_UNUSED_FUNCTION = YES;
				GCC_WARN_UNUSED_VARIABLE = YES;
				IPHONEOS_DEPLOYMENT_TARGET = 10.3;
				MTL_ENABLE_DEBUG_INFO = YES;
				ONLY_ACTIVE_ARCH = YES;
				SDKROOT = iphoneos;
				SWIFT_ACTIVE_COMPILATION_CONDITIONS = DEBUG;
				SWIFT_OPTIMIZATION_LEVEL = "-Onone";
			};
			name = Debug;
		};
		887054A41F0A78DC0028EE76 /* Release */ = {
			isa = XCBuildConfiguration;
			buildSettings = {
				ALWAYS_SEARCH_USER_PATHS = NO;
				CLANG_ANALYZER_NONNULL = YES;
				CLANG_ANALYZER_NUMBER_OBJECT_CONVERSION = YES_AGGRESSIVE;
				CLANG_CXX_LANGUAGE_STANDARD = "gnu++0x";
				CLANG_CXX_LIBRARY = "libc++";
				CLANG_ENABLE_MODULES = YES;
				CLANG_ENABLE_OBJC_ARC = YES;
				CLANG_WARN_BOOL_CONVERSION = YES;
				CLANG_WARN_CONSTANT_CONVERSION = YES;
				CLANG_WARN_DIRECT_OBJC_ISA_USAGE = YES_ERROR;
				CLANG_WARN_DOCUMENTATION_COMMENTS = YES;
				CLANG_WARN_EMPTY_BODY = YES;
				CLANG_WARN_ENUM_CONVERSION = YES;
				CLANG_WARN_INFINITE_RECURSION = YES;
				CLANG_WARN_INT_CONVERSION = YES;
				CLANG_WARN_OBJC_ROOT_CLASS = YES_ERROR;
				CLANG_WARN_SUSPICIOUS_MOVE = YES;
				CLANG_WARN_UNREACHABLE_CODE = YES;
				CLANG_WARN__DUPLICATE_METHOD_MATCH = YES;
				"CODE_SIGN_IDENTITY[sdk=iphoneos*]" = "iPhone Developer";
				COPY_PHASE_STRIP = NO;
				DEBUG_INFORMATION_FORMAT = "dwarf-with-dsym";
				ENABLE_NS_ASSERTIONS = NO;
				ENABLE_STRICT_OBJC_MSGSEND = YES;
				GCC_C_LANGUAGE_STANDARD = gnu99;
				GCC_NO_COMMON_BLOCKS = YES;
				GCC_WARN_64_TO_32_BIT_CONVERSION = YES;
				GCC_WARN_ABOUT_RETURN_TYPE = YES_ERROR;
				GCC_WARN_UNDECLARED_SELECTOR = YES;
				GCC_WARN_UNINITIALIZED_AUTOS = YES_AGGRESSIVE;
				GCC_WARN_UNUSED_FUNCTION = YES;
				GCC_WARN_UNUSED_VARIABLE = YES;
				IPHONEOS_DEPLOYMENT_TARGET = 10.3;
				MTL_ENABLE_DEBUG_INFO = NO;
				SDKROOT = iphoneos;
				SWIFT_OPTIMIZATION_LEVEL = "-Owholemodule";
				VALIDATE_PRODUCT = YES;
			};
			name = Release;
		};
		887054A61F0A78DC0028EE76 /* Debug */ = {
			isa = XCBuildConfiguration;
			buildSettings = {
				ASSETCATALOG_COMPILER_APPICON_NAME = AppIcon;
				DEVELOPMENT_TEAM = 2L5K57EDPC;
				INFOPLIST_FILE = test/Info.plist;
				LD_RUNPATH_SEARCH_PATHS = "$(inherited) @executable_path/Frameworks";
				PRODUCT_BUNDLE_IDENTIFIER = Test.test;
				PRODUCT_NAME = "$(TARGET_NAME)";
				SWIFT_VERSION = 3.0;
			};
			name = Debug;
		};
		887054A71F0A78DC0028EE76 /* Release */ = {
			isa = XCBuildConfiguration;
			buildSettings = {
				ASSETCATALOG_COMPILER_APPICON_NAME = AppIcon;
				DEVELOPMENT_TEAM = 2L5K57EDPC;
				INFOPLIST_FILE = test/Info.plist;
				LD_RUNPATH_SEARCH_PATHS = "$(inherited) @executable_path/Frameworks";
				PRODUCT_BUNDLE_IDENTIFIER = Test.test;
				PRODUCT_NAME = "$(TARGET_NAME)";
				SWIFT_VERSION = 3.0;
			};
			name = Release;
		};
/* End XCBuildConfiguration section */

/* Begin XCConfigurationList section */
		8870548E1F0A78DC0028EE76 /* Build configuration list for PBXProject "test" */ = {
			isa = XCConfigurationList;
			buildConfigurations = (
				887054A31F0A78DC0028EE76 /* Debug */,
				887054A41F0A78DC0028EE76 /* Release */,
			);
			defaultConfigurationIsVisible = 0;
			defaultConfigurationName = Release;
		};
		887054A51F0A78DC0028EE76 /* Build configuration list for PBXNativeTarget "test" */ = {
			isa = XCConfigurationList;
			buildConfigurations = (
				887054A61F0A78DC0028EE76 /* Debug */,
				887054A71F0A78DC0028EE76 /* Release */,
			);
			defaultConfigurationIsVisible = 0;
			defaultConfigurationName = Release;
		};
/* End XCConfigurationList section */
	};
	rootObject = 8870548B1F0A78DC0028EE76 /* Project object */;
}
